
Microsoft Visual Studio Solution File, Format Version 12.00
# Visual Studio Version 16
VisualStudioVersion = 16.0.28917.181
MinimumVisualStudioVersion = 10.0.40219.1
Project("{FAE04EC0-301F-11D3-BF4B-00C04F79EFBC}") = "NPC Creator", "NPC Creator\NPC Creator.csproj", "{E2D51101-0481-43FF-8E77-1F0A722B43C5}"
EndProject
Global
	GlobalSection(SolutionConfigurationPlatforms) = preSolution
		Debug|Any CPU = Debug|Any CPU
		Release|Any CPU = Release|Any CPU
	EndGlobalSection
	GlobalSection(ProjectConfigurationPlatforms) = postSolution
		{E2D51101-0481-43FF-8E77-1F0A722B43C5}.Debug|Any CPU.ActiveCfg = Debug|Any CPU
		{E2D51101-0481-43FF-8E77-1F0A722B43C5}.Debug|Any CPU.Build.0 = Debug|Any CPU
		{E2D51101-0481-43FF-8E77-1F0A722B43C5}.Release|Any CPU.ActiveCfg = Release|Any CPU
		{E2D51101-0481-43FF-8E77-1F0A722B43C5}.Release|Any CPU.Build.0 = Release|Any CPU
	EndGlobalSection
	GlobalSection(SolutionProperties) = preSolution
		HideSolutionNode = FALSE
	EndGlobalSection
	GlobalSection(ExtensibilityGlobals) = postSolution
		SolutionGuid = {932353E0-6041-470C-9109-065F487C6FE8}
	EndGlobalSection
EndGlobal
